// !$*UTF8*$!
{
	archiveVersion = 1;
	classes = {
	};
	objectVersion = 50;
	objects = {

/* Begin PBXBuildFile section */
		51AF4A68264A70F200BA8290 /* facebook_module.cpp in Sources */ = {isa = PBXBuildFile; fileRef = 51AF4A64264A70F100BA8290 /* facebook_module.cpp */; };
		51AF4A69264A70F200BA8290 /* Facebook.mm in Sources */ = {isa = PBXBuildFile; fileRef = 51AF4A65264A70F100BA8290 /* Facebook.mm */; };
		51AF4A6D264A714800BA8290 /* FBSDKCoreKit.framework in Frameworks */ = {isa = PBXBuildFile; fileRef = 51AF4A6C264A714800BA8290 /* FBSDKCoreKit.framework */; };
		51AF4A70264A715300BA8290 /* FBSDKLoginKit.framework in Frameworks */ = {isa = PBXBuildFile; fileRef = 51AF4A6F264A715300BA8290 /* FBSDKLoginKit.framework */; };
		51AF4A72264A715E00BA8290 /* FBSDKShareKit.framework in Frameworks */ = {isa = PBXBuildFile; fileRef = 51AF4A71264A715E00BA8290 /* FBSDKShareKit.framework */; };
/* End PBXBuildFile section */

/* Begin PBXCopyFilesBuildPhase section */
		90CAAA9224E71FF10013969F /* CopyFiles */ = {
			isa = PBXCopyFilesBuildPhase;
			buildActionMask = 2147483647;
			dstPath = "include/$(PRODUCT_NAME)";
			dstSubfolderSpec = 16;
			files = (
			);
			runOnlyForDeploymentPostprocessing = 0;
		};
/* End PBXCopyFilesBuildPhase section */

/* Begin PBXFileReference section */
		51AF4A64264A70F100BA8290 /* facebook_module.cpp */ = {isa = PBXFileReference; fileEncoding = 4; lastKnownFileType = sourcecode.cpp.cpp; path = facebook_module.cpp; sourceTree = "<group>"; };
		51AF4A65264A70F100BA8290 /* Facebook.mm */ = {isa = PBXFileReference; fileEncoding = 4; lastKnownFileType = sourcecode.cpp.objcpp; path = Facebook.mm; sourceTree = "<group>"; };
		51AF4A66264A70F100BA8290 /* facebook_module.h */ = {isa = PBXFileReference; fileEncoding = 4; lastKnownFileType = sourcecode.c.h; path = facebook_module.h; sourceTree = "<group>"; };
		51AF4A67264A70F100BA8290 /* Facebook.hpp */ = {isa = PBXFileReference; fileEncoding = 4; lastKnownFileType = sourcecode.cpp.h; path = Facebook.hpp; sourceTree = "<group>"; };
		51AF4A6C264A714800BA8290 /* FBSDKCoreKit.framework */ = {isa = PBXFileReference; lastKnownFileType = wrapper.framework; name = FBSDKCoreKit.framework; path = plugin/FBSDKCoreKit.framework; sourceTree = "<group>"; };
		51AF4A6F264A715300BA8290 /* FBSDKLoginKit.framework */ = {isa = PBXFileReference; lastKnownFileType = wrapper.framework; name = FBSDKLoginKit.framework; path = plugin/FBSDKLoginKit.framework; sourceTree = "<group>"; };
		51AF4A71264A715E00BA8290 /* FBSDKShareKit.framework */ = {isa = PBXFileReference; lastKnownFileType = wrapper.framework; name = FBSDKShareKit.framework; path = plugin/FBSDKShareKit.framework; sourceTree = "<group>"; };
		90CAAA9424E71FF10013969F /* libgodot_plugin.a */ = {isa = PBXFileReference; explicitFileType = archive.ar; includeInIndex = 0; path = libgodot_plugin.a; sourceTree = BUILT_PRODUCTS_DIR; };
/* End PBXFileReference section */

/* Begin PBXFrameworksBuildPhase section */
		90CAAA9124E71FF10013969F /* Frameworks */ = {
			isa = PBXFrameworksBuildPhase;
			buildActionMask = 2147483647;
			files = (
				51AF4A72264A715E00BA8290 /* FBSDKShareKit.framework in Frameworks */,
				51AF4A70264A715300BA8290 /* FBSDKLoginKit.framework in Frameworks */,
				51AF4A6D264A714800BA8290 /* FBSDKCoreKit.framework in Frameworks */,
			);
			runOnlyForDeploymentPostprocessing = 0;
		};
/* End PBXFrameworksBuildPhase section */

/* Begin PBXGroup section */
		51AF4A63264A70F100BA8290 /* src */ = {
			isa = PBXGroup;
			children = (
				51AF4A64264A70F100BA8290 /* facebook_module.cpp */,
				51AF4A65264A70F100BA8290 /* Facebook.mm */,
				51AF4A66264A70F100BA8290 /* facebook_module.h */,
				51AF4A67264A70F100BA8290 /* Facebook.hpp */,
			);
			name = src;
			path = plugin/src;
			sourceTree = "<group>";
		};
		90CAAA8B24E71FF10013969F = {
			isa = PBXGroup;
			children = (
				51AF4A63264A70F100BA8290 /* src */,
				90CAAA9524E71FF10013969F /* Products */,
				90CAAAA824E72A8A0013969F /* Frameworks */,
			);
			sourceTree = "<group>";
		};
		90CAAA9524E71FF10013969F /* Products */ = {
			isa = PBXGroup;
			children = (
				90CAAA9424E71FF10013969F /* libgodot_plugin.a */,
			);
			name = Products;
			sourceTree = "<group>";
		};
		90CAAAA824E72A8A0013969F /* Frameworks */ = {
			isa = PBXGroup;
			children = (
				51AF4A71264A715E00BA8290 /* FBSDKShareKit.framework */,
				51AF4A6F264A715300BA8290 /* FBSDKLoginKit.framework */,
				51AF4A6C264A714800BA8290 /* FBSDKCoreKit.framework */,
			);
			name = Frameworks;
			sourceTree = "<group>";
		};
/* End PBXGroup section */

/* Begin PBXNativeTarget section */
		90CAAA9324E71FF10013969F /* godot_plugin */ = {
			isa = PBXNativeTarget;
			buildConfigurationList = 90CAAA9D24E71FF10013969F /* Build configuration list for PBXNativeTarget "godot_plugin" */;
			buildPhases = (
				90CAAA9024E71FF10013969F /* Sources */,
				90CAAA9124E71FF10013969F /* Frameworks */,
				90CAAA9224E71FF10013969F /* CopyFiles */,
			);
			buildRules = (
			);
			dependencies = (
			);
			name = godot_plugin;
			productName = godot_plugin;
			productReference = 90CAAA9424E71FF10013969F /* libgodot_plugin.a */;
			productType = "com.apple.product-type.library.static";
		};
/* End PBXNativeTarget section */

/* Begin PBXProject section */
		90CAAA8C24E71FF10013969F /* Project object */ = {
			isa = PBXProject;
			attributes = {
				LastUpgradeCheck = 1160;
				ORGANIZATIONNAME = Godot;
				TargetAttributes = {
					90CAAA9324E71FF10013969F = {
						CreatedOnToolsVersion = 11.6;
						LastSwiftMigration = 1230;
					};
				};
			};
			buildConfigurationList = 90CAAA8F24E71FF10013969F /* Build configuration list for PBXProject "godot_plugin" */;
			compatibilityVersion = "Xcode 9.3";
			developmentRegion = en;
			hasScannedForEncodings = 0;
			knownRegions = (
				en,
				Base,
			);
			mainGroup = 90CAAA8B24E71FF10013969F;
			productRefGroup = 90CAAA9524E71FF10013969F /* Products */;
			projectDirPath = "";
			projectRoot = "";
			targets = (
				90CAAA9324E71FF10013969F /* godot_plugin */,
			);
		};
/* End PBXProject section */

/* Begin PBXSourcesBuildPhase section */
		90CAAA9024E71FF10013969F /* Sources */ = {
			isa = PBXSourcesBuildPhase;
			buildActionMask = 2147483647;
			files = (
				51AF4A69264A70F200BA8290 /* Facebook.mm in Sources */,
				51AF4A68264A70F200BA8290 /* facebook_module.cpp in Sources */,
			);
			runOnlyForDeploymentPostprocessing = 0;
		};
/* End PBXSourcesBuildPhase section */

/* Begin XCBuildConfiguration section */
		90CAAA9B24E71FF10013969F /* Debug */ = {
			isa = XCBuildConfiguration;
			buildSettings = {
				ALWAYS_SEARCH_USER_PATHS = NO;
				CLANG_ANALYZER_NONNULL = YES;
				CLANG_ANALYZER_NUMBER_OBJECT_CONVERSION = YES_AGGRESSIVE;
				CLANG_CXX_LANGUAGE_STANDARD = "gnu++14";
				CLANG_CXX_LIBRARY = "libc++";
				CLANG_ENABLE_MODULES = NO;
				CLANG_ENABLE_OBJC_ARC = YES;
				CLANG_ENABLE_OBJC_WEAK = YES;
				CLANG_WARN_BLOCK_CAPTURE_AUTORELEASING = YES;
				CLANG_WARN_BOOL_CONVERSION = YES;
				CLANG_WARN_COMMA = YES;
				CLANG_WARN_CONSTANT_CONVERSION = YES;
				CLANG_WARN_DEPRECATED_OBJC_IMPLEMENTATIONS = YES;
				CLANG_WARN_DIRECT_OBJC_ISA_USAGE = YES_ERROR;
				CLANG_WARN_DOCUMENTATION_COMMENTS = YES;
				CLANG_WARN_EMPTY_BODY = YES;
				CLANG_WARN_ENUM_CONVERSION = YES;
				CLANG_WARN_INFINITE_RECURSION = YES;
				CLANG_WARN_INT_CONVERSION = YES;
				CLANG_WARN_NON_LITERAL_NULL_CONVERSION = YES;
				CLANG_WARN_OBJC_IMPLICIT_RETAIN_SELF = YES;
				CLANG_WARN_OBJC_LITERAL_CONVERSION = YES;
				CLANG_WARN_OBJC_ROOT_CLASS = YES_ERROR;
				CLANG_WARN_RANGE_LOOP_ANALYSIS = YES;
				CLANG_WARN_STRICT_PROTOTYPES = YES;
				CLANG_WARN_SUSPICIOUS_MOVE = YES;
				CLANG_WARN_UNGUARDED_AVAILABILITY = YES_AGGRESSIVE;
				CLANG_WARN_UNREACHABLE_CODE = YES;
				CLANG_WARN__DUPLICATE_METHOD_MATCH = YES;
				COPY_PHASE_STRIP = NO;
				DEBUG_INFORMATION_FORMAT = dwarf;
				ENABLE_STRICT_OBJC_MSGSEND = YES;
				ENABLE_TESTABILITY = YES;
				EXCLUDED_ARCHS = i386;
				GCC_C_LANGUAGE_STANDARD = gnu11;
				GCC_DYNAMIC_NO_PIC = NO;
				GCC_NO_COMMON_BLOCKS = YES;
				GCC_OPTIMIZATION_LEVEL = 0;
				GCC_PREPROCESSOR_DEFINITIONS = (
					"DEBUG=1",
					"$(inherited)",
				);
				GCC_WARN_64_TO_32_BIT_CONVERSION = YES;
				GCC_WARN_ABOUT_RETURN_TYPE = YES_ERROR;
				GCC_WARN_UNDECLARED_SELECTOR = YES;
				GCC_WARN_UNINITIALIZED_AUTOS = YES_AGGRESSIVE;
				GCC_WARN_UNUSED_FUNCTION = YES;
				GCC_WARN_UNUSED_VARIABLE = YES;
				IPHONEOS_DEPLOYMENT_TARGET = 10.0;
				MTL_ENABLE_DEBUG_INFO = INCLUDE_SOURCE;
				MTL_FAST_MATH = YES;
				ONLY_ACTIVE_ARCH = YES;
				SDKROOT = iphoneos;
			};
			name = Debug;
		};
		90CAAA9C24E71FF10013969F /* Release */ = {
			isa = XCBuildConfiguration;
			buildSettings = {
				ALWAYS_SEARCH_USER_PATHS = NO;
				CLANG_ANALYZER_NONNULL = YES;
				CLANG_ANALYZER_NUMBER_OBJECT_CONVERSION = YES_AGGRESSIVE;
				CLANG_CXX_LANGUAGE_STANDARD = "gnu++14";
				CLANG_CXX_LIBRARY = "libc++";
				CLANG_ENABLE_MODULES = NO;
				CLANG_ENABLE_OBJC_ARC = YES;
				CLANG_ENABLE_OBJC_WEAK = YES;
				CLANG_WARN_BLOCK_CAPTURE_AUTORELEASING = YES;
				CLANG_WARN_BOOL_CONVERSION = YES;
				CLANG_WARN_COMMA = YES;
				CLANG_WARN_CONSTANT_CONVERSION = YES;
				CLANG_WARN_DEPRECATED_OBJC_IMPLEMENTATIONS = YES;
				CLANG_WARN_DIRECT_OBJC_ISA_USAGE = YES_ERROR;
				CLANG_WARN_DOCUMENTATION_COMMENTS = YES;
				CLANG_WARN_EMPTY_BODY = YES;
				CLANG_WARN_ENUM_CONVERSION = YES;
				CLANG_WARN_INFINITE_RECURSION = YES;
				CLANG_WARN_INT_CONVERSION = YES;
				CLANG_WARN_NON_LITERAL_NULL_CONVERSION = YES;
				CLANG_WARN_OBJC_IMPLICIT_RETAIN_SELF = YES;
				CLANG_WARN_OBJC_LITERAL_CONVERSION = YES;
				CLANG_WARN_OBJC_ROOT_CLASS = YES_ERROR;
				CLANG_WARN_RANGE_LOOP_ANALYSIS = YES;
				CLANG_WARN_STRICT_PROTOTYPES = YES;
				CLANG_WARN_SUSPICIOUS_MOVE = YES;
				CLANG_WARN_UNGUARDED_AVAILABILITY = YES_AGGRESSIVE;
				CLANG_WARN_UNREACHABLE_CODE = YES;
				CLANG_WARN__DUPLICATE_METHOD_MATCH = YES;
				COPY_PHASE_STRIP = NO;
				DEBUG_INFORMATION_FORMAT = "dwarf-with-dsym";
				ENABLE_NS_ASSERTIONS = NO;
				ENABLE_STRICT_OBJC_MSGSEND = YES;
				EXCLUDED_ARCHS = i386;
				GCC_C_LANGUAGE_STANDARD = gnu11;
				GCC_NO_COMMON_BLOCKS = YES;
				GCC_WARN_64_TO_32_BIT_CONVERSION = YES;
				GCC_WARN_ABOUT_RETURN_TYPE = YES_ERROR;
				GCC_WARN_UNDECLARED_SELECTOR = YES;
				GCC_WARN_UNINITIALIZED_AUTOS = YES_AGGRESSIVE;
				GCC_WARN_UNUSED_FUNCTION = YES;
				GCC_WARN_UNUSED_VARIABLE = YES;
				IPHONEOS_DEPLOYMENT_TARGET = 10.0;
				MTL_ENABLE_DEBUG_INFO = NO;
				MTL_FAST_MATH = YES;
				SDKROOT = iphoneos;
				VALIDATE_PRODUCT = YES;
			};
			name = Release;
		};
		90CAAA9E24E71FF10013969F /* Debug */ = {
			isa = XCBuildConfiguration;
			buildSettings = {
				CODE_SIGN_STYLE = Automatic;
				FRAMEWORK_SEARCH_PATHS = (
					"$(inherited)",
					"$(PROJECT_DIR)/plugin",
				);
				HEADER_SEARCH_PATHS = (
					"$(SRCROOT)/godot",
					"$(SRCROOT)/godot/platform/iphone",
				);
				LD_RUNPATH_SEARCH_PATHS = (
					"$(inherited)",
					"@executable_path/Frameworks",
					"@loader_path/Frameworks",
				);
				LIBRARY_SEARCH_PATHS = (
					"$(inherited)",
					"$(PROJECT_DIR)/godot/bin",
				);
				ONLY_ACTIVE_ARCH = YES;
				OTHER_CFLAGS = (
					"-fcxx-modules",
					"-g",
					"-DDEBUG",
					"-DDEBUG_ENABLED",
					"-DDEBUG_MEMORY_ALLOC",
					"-DDISABLE_FORCED_INLINE",
					"-DTYPED_METHOD_BIND",
					"-fmodules",
				);
				OTHER_LDFLAGS = "-ObjC";
				PRODUCT_NAME = "$(TARGET_NAME)";
				SKIP_INSTALL = YES;
				SWIFT_OBJC_BRIDGING_HEADER = "plugin/plugin-Bridging-Header.h";
				SWIFT_OPTIMIZATION_LEVEL = "-Onone";
				SWIFT_VERSION = 5.0;
				TARGETED_DEVICE_FAMILY = "1,2";
			};
			name = Debug;
		};
		90CAAA9F24E71FF10013969F /* Release */ = {
			isa = XCBuildConfiguration;
			buildSettings = {
				CODE_SIGN_STYLE = Automatic;
				FRAMEWORK_SEARCH_PATHS = (
					"$(inherited)",
					"$(PROJECT_DIR)/plugin",
				);
				HEADER_SEARCH_PATHS = (
					"$(SRCROOT)/godot",
					"$(SRCROOT)/godot/platform/iphone",
				);
				LD_RUNPATH_SEARCH_PATHS = (
					"$(inherited)",
					"@executable_path/Frameworks",
					"@loader_path/Frameworks",
				);
				LIBRARY_SEARCH_PATHS = (
					"$(inherited)",
					"$(PROJECT_DIR)/godot/bin",
				);
				ONLY_ACTIVE_ARCH = YES;
				OTHER_CFLAGS = (
					"-fcxx-modules",
					"-fmodules",
				);
				OTHER_LDFLAGS = "-ObjC";
				PRODUCT_NAME = "$(TARGET_NAME)";
				SKIP_INSTALL = YES;
				SWIFT_OBJC_BRIDGING_HEADER = "plugin/plugin-Bridging-Header.h";
				SWIFT_VERSION = 5.0;
				TARGETED_DEVICE_FAMILY = "1,2";
			};
			name = Release;
		};
/* End XCBuildConfiguration section */

/* Begin XCConfigurationList section */
		90CAAA8F24E71FF10013969F /* Build configuration list for PBXProject "godot_plugin" */ = {
			isa = XCConfigurationList;
			buildConfigurations = (
				90CAAA9B24E71FF10013969F /* Debug */,
				90CAAA9C24E71FF10013969F /* Release */,
			);
			defaultConfigurationIsVisible = 0;
			defaultConfigurationName = Release;
		};
		90CAAA9D24E71FF10013969F /* Build configuration list for PBXNativeTarget "godot_plugin" */ = {
			isa = XCConfigurationList;
			buildConfigurations = (
				90CAAA9E24E71FF10013969F /* Debug */,
				90CAAA9F24E71FF10013969F /* Release */,
			);
			defaultConfigurationIsVisible = 0;
			defaultConfigurationName = Release;
		};
/* End XCConfigurationList section */
	};
	rootObject = 90CAAA8C24E71FF10013969F /* Project object */;
}
